
Microsoft Visual Studio Solution File, Format Version 12.00
# Visual Studio 15
VisualStudioVersion = 15.0.26730.12
MinimumVisualStudioVersion = 10.0.40219.1
Project("{9A19103F-16F7-4668-BE54-9A1E7A4F7556}") = "task01", "task01\task01.csproj", "{C95B681D-C775-44AC-9C63-75E0EC7A03BF}"
EndProject
Project("{9A19103F-16F7-4668-BE54-9A1E7A4F7556}") = "task02", "task02\task02.csproj", "{BEFC8CB4-2280-4956-B3C5-8F0DC16D5886}"
EndProject
Project("{9A19103F-16F7-4668-BE54-9A1E7A4F7556}") = "task03", "task03\task03.csproj", "{615D3344-7A30-4568-9729-172D8988099A}"
EndProject
Project("{FAE04EC0-301F-11D3-BF4B-00C04F79EFBC}") = "task04", "task04\task04.csproj", "{0E3A712F-483E-40BE-BB83-0EF24B1C41EE}"
EndProject
Project("{FAE04EC0-301F-11D3-BF4B-00C04F79EFBC}") = "task05", "task05\task05.csproj", "{90EDBBAC-2293-4739-B52C-A5A765692BFC}"
EndProject
Global
	GlobalSection(SolutionConfigurationPlatforms) = preSolution
		Debug|Any CPU = Debug|Any CPU
		Release|Any CPU = Release|Any CPU
	EndGlobalSection
	GlobalSection(ProjectConfigurationPlatforms) = postSolution
		{C95B681D-C775-44AC-9C63-75E0EC7A03BF}.Debug|Any CPU.ActiveCfg = Debug|Any CPU
		{C95B681D-C775-44AC-9C63-75E0EC7A03BF}.Debug|Any CPU.Build.0 = Debug|Any CPU
		{C95B681D-C775-44AC-9C63-75E0EC7A03BF}.Release|Any CPU.ActiveCfg = Release|Any CPU
		{C95B681D-C775-44AC-9C63-75E0EC7A03BF}.Release|Any CPU.Build.0 = Release|Any CPU
		{BEFC8CB4-2280-4956-B3C5-8F0DC16D5886}.Debug|Any CPU.ActiveCfg = Debug|Any CPU
		{BEFC8CB4-2280-4956-B3C5-8F0DC16D5886}.Debug|Any CPU.Build.0 = Debug|Any CPU
		{BEFC8CB4-2280-4956-B3C5-8F0DC16D5886}.Release|Any CPU.ActiveCfg = Release|Any CPU
		{BEFC8CB4-2280-4956-B3C5-8F0DC16D5886}.Release|Any CPU.Build.0 = Release|Any CPU
		{615D3344-7A30-4568-9729-172D8988099A}.Debug|Any CPU.ActiveCfg = Debug|Any CPU
		{615D3344-7A30-4568-9729-172D8988099A}.Debug|Any CPU.Build.0 = Debug|Any CPU
		{615D3344-7A30-4568-9729-172D8988099A}.Release|Any CPU.ActiveCfg = Release|Any CPU
		{615D3344-7A30-4568-9729-172D8988099A}.Release|Any CPU.Build.0 = Release|Any CPU
		{0E3A712F-483E-40BE-BB83-0EF24B1C41EE}.Debug|Any CPU.ActiveCfg = Debug|Any CPU
		{0E3A712F-483E-40BE-BB83-0EF24B1C41EE}.Debug|Any CPU.Build.0 = Debug|Any CPU
		{0E3A712F-483E-40BE-BB83-0EF24B1C41EE}.Release|Any CPU.ActiveCfg = Release|Any CPU
		{0E3A712F-483E-40BE-BB83-0EF24B1C41EE}.Release|Any CPU.Build.0 = Release|Any CPU
		{90EDBBAC-2293-4739-B52C-A5A765692BFC}.Debug|Any CPU.ActiveCfg = Debug|Any CPU
		{90EDBBAC-2293-4739-B52C-A5A765692BFC}.Debug|Any CPU.Build.0 = Debug|Any CPU
		{90EDBBAC-2293-4739-B52C-A5A765692BFC}.Release|Any CPU.ActiveCfg = Release|Any CPU
		{90EDBBAC-2293-4739-B52C-A5A765692BFC}.Release|Any CPU.Build.0 = Release|Any CPU
	EndGlobalSection
	GlobalSection(SolutionProperties) = preSolution
		HideSolutionNode = FALSE
	EndGlobalSection
	GlobalSection(ExtensibilityGlobals) = postSolution
		SolutionGuid = {E400E240-4D9C-42B0-BB78-CC156F66475B}
	EndGlobalSection
EndGlobal
