
Microsoft Visual Studio Solution File, Format Version 12.00
# Visual Studio 15
VisualStudioVersion = 15.0.26730.12
MinimumVisualStudioVersion = 10.0.40219.1
Project("{FAE04EC0-301F-11D3-BF4B-00C04F79EFBC}") = "task1", "task1\task1.csproj", "{2CFCD469-3574-4322-B808-AB8E39748EFA}"
EndProject
Project("{FAE04EC0-301F-11D3-BF4B-00C04F79EFBC}") = "task2", "task2\task2.csproj", "{B0AFE419-A5A1-42C7-BF7F-49155A32B135}"
EndProject
Global
	GlobalSection(SolutionConfigurationPlatforms) = preSolution
		Debug|Any CPU = Debug|Any CPU
		Release|Any CPU = Release|Any CPU
	EndGlobalSection
	GlobalSection(ProjectConfigurationPlatforms) = postSolution
		{2CFCD469-3574-4322-B808-AB8E39748EFA}.Debug|Any CPU.ActiveCfg = Debug|Any CPU
		{2CFCD469-3574-4322-B808-AB8E39748EFA}.Debug|Any CPU.Build.0 = Debug|Any CPU
		{2CFCD469-3574-4322-B808-AB8E39748EFA}.Release|Any CPU.ActiveCfg = Release|Any CPU
		{2CFCD469-3574-4322-B808-AB8E39748EFA}.Release|Any CPU.Build.0 = Release|Any CPU
		{B0AFE419-A5A1-42C7-BF7F-49155A32B135}.Debug|Any CPU.ActiveCfg = Debug|Any CPU
		{B0AFE419-A5A1-42C7-BF7F-49155A32B135}.Debug|Any CPU.Build.0 = Debug|Any CPU
		{B0AFE419-A5A1-42C7-BF7F-49155A32B135}.Release|Any CPU.ActiveCfg = Release|Any CPU
		{B0AFE419-A5A1-42C7-BF7F-49155A32B135}.Release|Any CPU.Build.0 = Release|Any CPU
	EndGlobalSection
	GlobalSection(SolutionProperties) = preSolution
		HideSolutionNode = FALSE
	EndGlobalSection
	GlobalSection(ExtensibilityGlobals) = postSolution
		SolutionGuid = {5470A2FC-F8BE-4677-8232-FAB20929CEA9}
	EndGlobalSection
EndGlobal
